
Microsoft Visual Studio Solution File, Format Version 12.00
# Visual Studio 15
VisualStudioVersion = 15.0.27428.2037
MinimumVisualStudioVersion = 10.0.40219.1
Project("{8BC9CEB8-8B4A-11D0-8D11-00A0C91BC942}") = "Ejercicio_examen_vehiculos", "Ejercicio_examen_vehiculos\Ejercicio_examen_vehiculos.vcxproj", "{62251009-BFF1-418D-8E61-E16F2E4A7395}"
EndProject
Global
	GlobalSection(SolutionConfigurationPlatforms) = preSolution
		Debug|x64 = Debug|x64
		Debug|x86 = Debug|x86
		Release|x64 = Release|x64
		Release|x86 = Release|x86
	EndGlobalSection
	GlobalSection(ProjectConfigurationPlatforms) = postSolution
		{62251009-BFF1-418D-8E61-E16F2E4A7395}.Debug|x64.ActiveCfg = Debug|x64
		{62251009-BFF1-418D-8E61-E16F2E4A7395}.Debug|x64.Build.0 = Debug|x64
		{62251009-BFF1-418D-8E61-E16F2E4A7395}.Debug|x86.ActiveCfg = Debug|Win32
		{62251009-BFF1-418D-8E61-E16F2E4A7395}.Debug|x86.Build.0 = Debug|Win32
		{62251009-BFF1-418D-8E61-E16F2E4A7395}.Release|x64.ActiveCfg = Release|x64
		{62251009-BFF1-418D-8E61-E16F2E4A7395}.Release|x64.Build.0 = Release|x64
		{62251009-BFF1-418D-8E61-E16F2E4A7395}.Release|x86.ActiveCfg = Release|Win32
		{62251009-BFF1-418D-8E61-E16F2E4A7395}.Release|x86.Build.0 = Release|Win32
	EndGlobalSection
	GlobalSection(SolutionProperties) = preSolution
		HideSolutionNode = FALSE
	EndGlobalSection
	GlobalSection(ExtensibilityGlobals) = postSolution
		SolutionGuid = {BFD2B85C-7E6E-4C37-A616-3C50CD936CBB}
	EndGlobalSection
EndGlobal
