
Microsoft Visual Studio Solution File, Format Version 12.00
# Visual Studio 15
VisualStudioVersion = 15.0.27428.2037
MinimumVisualStudioVersion = 10.0.40219.1
Project("{8BC9CEB8-8B4A-11D0-8D11-00A0C91BC942}") = "Examen Enero 2017", "Examen Enero 2017\Examen Enero 2017.vcxproj", "{33C34FEB-BAF4-4ED6-9315-FD9F88B83BEC}"
EndProject
Global
	GlobalSection(SolutionConfigurationPlatforms) = preSolution
		Debug|x64 = Debug|x64
		Debug|x86 = Debug|x86
		Release|x64 = Release|x64
		Release|x86 = Release|x86
	EndGlobalSection
	GlobalSection(ProjectConfigurationPlatforms) = postSolution
		{33C34FEB-BAF4-4ED6-9315-FD9F88B83BEC}.Debug|x64.ActiveCfg = Debug|x64
		{33C34FEB-BAF4-4ED6-9315-FD9F88B83BEC}.Debug|x64.Build.0 = Debug|x64
		{33C34FEB-BAF4-4ED6-9315-FD9F88B83BEC}.Debug|x86.ActiveCfg = Debug|Win32
		{33C34FEB-BAF4-4ED6-9315-FD9F88B83BEC}.Debug|x86.Build.0 = Debug|Win32
		{33C34FEB-BAF4-4ED6-9315-FD9F88B83BEC}.Release|x64.ActiveCfg = Release|x64
		{33C34FEB-BAF4-4ED6-9315-FD9F88B83BEC}.Release|x64.Build.0 = Release|x64
		{33C34FEB-BAF4-4ED6-9315-FD9F88B83BEC}.Release|x86.ActiveCfg = Release|Win32
		{33C34FEB-BAF4-4ED6-9315-FD9F88B83BEC}.Release|x86.Build.0 = Release|Win32
	EndGlobalSection
	GlobalSection(SolutionProperties) = preSolution
		HideSolutionNode = FALSE
	EndGlobalSection
	GlobalSection(ExtensibilityGlobals) = postSolution
		SolutionGuid = {D35FE601-9375-4166-AC26-DF4E0E6CE134}
	EndGlobalSection
EndGlobal
